{
  "name": "@spica/client",
  "version": "0.0.0",
  "lockfileVersion": 1,
  "requires": true,
  "dependencies": {
    "@types/jasmine": {
      "version": "3.6.2",
      "dev": true
    },
    "escape-string-regexp": {
      "version": "2.0.0",
      "resolved": "https://registry.npmjs.org/escape-string-regexp/-/escape-string-regexp-2.0.0.tgz",
      "integrity": "sha512-UpzcLCXolUWcNu5HtVMHYdXJjArjsF9C0aNnquZYY4uW/Vu0miy5YoWvbV345HauVvcAUnpRuhMMcqTcGOY2+w=="
    },
    "highlight.js": {
      "version": "10.7.3",
      "resolved": "https://registry.npmjs.org/highlight.js/-/highlight.js-10.7.3.tgz",
      "integrity": "sha512-tzcUFauisWKNHaRkN4Wjl/ZA07gENAjFl3J/c480dprkGTg5EQstgaNFqBfUqCq54kZRIEcreTsAgF/m2quD7A=="
    },
    "highlightjs-line-numbers.js": {
      "version": "2.8.0",
      "resolved": "https://registry.npmjs.org/highlightjs-line-numbers.js/-/highlightjs-line-numbers.js-2.8.0.tgz",
      "integrity": "sha512-TEf1gw0c8mb8nan0QwliqS7obT4cpUd9hzsGzsZLweteNnWea/VIqy5/aQqsa5wnz9lnvmtAkS1ZtDTjB/goYQ=="
    },
    "lodash": {
      "version": "4.17.21"
    },
    "matcher": {
      "version": "2.1.0",
      "requires": {
        "escape-string-regexp": "^2.0.0"
      }
    },
    "ngx-highlightjs": {
      "version": "4.1.4",
      "resolved": "https://registry.npmjs.org/ngx-highlightjs/-/ngx-highlightjs-4.1.4.tgz",
      "integrity": "sha512-yh5p8J+mUNHMm5kQM1CAyRdLT2KiW631l/Rky+rkxwT6NZHG80yImWXZt7RG3heTQzd1wDOWMQ8JznF3KeUv5g==",
      "requires": {
        "highlight.js": "^10.0.0",
        "highlightjs-line-numbers.js": "^2.8.0",
        "tslib": "^2.0.0"
      },
      "dependencies": {
        "tslib": {
          "version": "2.3.1",
          "resolved": "https://registry.npmjs.org/tslib/-/tslib-2.3.1.tgz",
          "integrity": "sha512-77EbyPPpMz+FRFRuAFlWMtmgUWGe9UOG2Z25NqCwiIjRhOf5iKGuzSe5P2w1laq+FkRy4p+PCuVkJSGkzTEKVw=="
        }
      }
    },
    "path-to-regexp": {
      "version": "6.2.0"
    },
    "uuid": {
      "version": "8.3.2"
    }
  }
}
